
Microsoft Visual Studio Solution File, Format Version 12.00
# Visual Studio Version 17
VisualStudioVersion = 17.6.33829.357
MinimumVisualStudioVersion = 10.0.40219.1
Project("{FAE04EC0-301F-11D3-BF4B-00C04F79EFBC}") = "DeviceLib", "DeviceLib\DeviceLib.csproj", "{D8422B99-6A0F-4F63-A449-3F34EFEAE99E}"
EndProject
Project("{FAE04EC0-301F-11D3-BF4B-00C04F79EFBC}") = "AppIot", "AppIot\AppIot.csproj", "{AD398A14-7784-4378-B19F-10717587E3A0}"
EndProject
Global
	GlobalSection(SolutionConfigurationPlatforms) = preSolution
		Debug|Any CPU = Debug|Any CPU
		Release|Any CPU = Release|Any CPU
	EndGlobalSection
	GlobalSection(ProjectConfigurationPlatforms) = postSolution
		{D8422B99-6A0F-4F63-A449-3F34EFEAE99E}.Debug|Any CPU.ActiveCfg = Debug|Any CPU
		{D8422B99-6A0F-4F63-A449-3F34EFEAE99E}.Debug|Any CPU.Build.0 = Debug|Any CPU
		{D8422B99-6A0F-4F63-A449-3F34EFEAE99E}.Release|Any CPU.ActiveCfg = Release|Any CPU
		{D8422B99-6A0F-4F63-A449-3F34EFEAE99E}.Release|Any CPU.Build.0 = Release|Any CPU
		{AD398A14-7784-4378-B19F-10717587E3A0}.Debug|Any CPU.ActiveCfg = Debug|Any CPU
		{AD398A14-7784-4378-B19F-10717587E3A0}.Debug|Any CPU.Build.0 = Debug|Any CPU
		{AD398A14-7784-4378-B19F-10717587E3A0}.Release|Any CPU.ActiveCfg = Release|Any CPU
		{AD398A14-7784-4378-B19F-10717587E3A0}.Release|Any CPU.Build.0 = Release|Any CPU
	EndGlobalSection
	GlobalSection(SolutionProperties) = preSolution
		HideSolutionNode = FALSE
	EndGlobalSection
	GlobalSection(ExtensibilityGlobals) = postSolution
		SolutionGuid = {E9E61243-8254-42FD-853F-41AE29FD8351}
	EndGlobalSection
EndGlobal
